
Microsoft Visual Studio Solution File, Format Version 12.00
# Visual Studio Version 17
VisualStudioVersion = 17.5.002.0
MinimumVisualStudioVersion = 10.0.40219.1
Project("{9A19103F-16F7-4668-BE54-9A1E7A4F7556}") = "basic calculator", "basic calculator.csproj", "{12A1D4BB-C419-4274-9B09-7BF9BA976EB0}"
EndProject
Global
	GlobalSection(SolutionConfigurationPlatforms) = preSolution
		Debug|Any CPU = Debug|Any CPU
		Release|Any CPU = Release|Any CPU
	EndGlobalSection
	GlobalSection(ProjectConfigurationPlatforms) = postSolution
		{12A1D4BB-C419-4274-9B09-7BF9BA976EB0}.Debug|Any CPU.ActiveCfg = Debug|Any CPU
		{12A1D4BB-C419-4274-9B09-7BF9BA976EB0}.Debug|Any CPU.Build.0 = Debug|Any CPU
		{12A1D4BB-C419-4274-9B09-7BF9BA976EB0}.Release|Any CPU.ActiveCfg = Release|Any CPU
		{12A1D4BB-C419-4274-9B09-7BF9BA976EB0}.Release|Any CPU.Build.0 = Release|Any CPU
	EndGlobalSection
	GlobalSection(SolutionProperties) = preSolution
		HideSolutionNode = FALSE
	EndGlobalSection
	GlobalSection(ExtensibilityGlobals) = postSolution
		SolutionGuid = {0CEF5938-907C-4548-A454-60E9DD05EB4C}
	EndGlobalSection
EndGlobal
